
Microsoft Visual Studio Solution File, Format Version 12.00
# Visual Studio Version 17
VisualStudioVersion = 17.6.33829.357
MinimumVisualStudioVersion = 10.0.40219.1
Project("{FAE04EC0-301F-11D3-BF4B-00C04F79EFBC}") = "CasgemAjax", "CasgemAjax\CasgemAjax.csproj", "{7D621A20-AB98-498B-9C54-F61F3DACBB5B}"
EndProject
Global
	GlobalSection(SolutionConfigurationPlatforms) = preSolution
		Debug|Any CPU = Debug|Any CPU
		Release|Any CPU = Release|Any CPU
	EndGlobalSection
	GlobalSection(ProjectConfigurationPlatforms) = postSolution
		{7D621A20-AB98-498B-9C54-F61F3DACBB5B}.Debug|Any CPU.ActiveCfg = Debug|Any CPU
		{7D621A20-AB98-498B-9C54-F61F3DACBB5B}.Debug|Any CPU.Build.0 = Debug|Any CPU
		{7D621A20-AB98-498B-9C54-F61F3DACBB5B}.Release|Any CPU.ActiveCfg = Release|Any CPU
		{7D621A20-AB98-498B-9C54-F61F3DACBB5B}.Release|Any CPU.Build.0 = Release|Any CPU
	EndGlobalSection
	GlobalSection(SolutionProperties) = preSolution
		HideSolutionNode = FALSE
	EndGlobalSection
	GlobalSection(ExtensibilityGlobals) = postSolution
		SolutionGuid = {069E2C12-C292-4C9D-8FB9-E51E8E99BE88}
	EndGlobalSection
EndGlobal
